// !$*UTF8*$!
{
	archiveVersion = 1;
	classes = {
	};
	objectVersion = 46;
	objects = {

/* Begin PBXBuildFile section */
		F592F28017263A08009AEE04 /* Foundation.framework in Frameworks */ = {isa = PBXBuildFile; fileRef = F592F27F17263A08009AEE04 /* Foundation.framework */; };
		F592F28317263A08009AEE04 /* main.m in Sources */ = {isa = PBXBuildFile; fileRef = F592F28217263A08009AEE04 /* main.m */; };
		F592F28717263A08009AEE04 /* FileManager.1 in CopyFiles */ = {isa = PBXBuildFile; fileRef = F592F28617263A08009AEE04 /* FileManager.1 */; };
/* End PBXBuildFile section */

/* Begin PBXCopyFilesBuildPhase section */
		F592F27A17263A08009AEE04 /* CopyFiles */ = {
			isa = PBXCopyFilesBuildPhase;
			buildActionMask = 2147483647;
			dstPath = /usr/share/man/man1/;
			dstSubfolderSpec = 0;
			files = (
				F592F28717263A08009AEE04 /* FileManager.1 in CopyFiles */,
			);
			runOnlyForDeploymentPostprocessing = 1;
		};
/* End PBXCopyFilesBuildPhase section */

/* Begin PBXFileReference section */
		F592F27C17263A08009AEE04 /* FileManager */ = {isa = PBXFileReference; explicitFileType = "compiled.mach-o.executable"; includeInIndex = 0; path = FileManager; sourceTree = BUILT_PRODUCTS_DIR; };
		F592F27F17263A08009AEE04 /* Foundation.framework */ = {isa = PBXFileReference; lastKnownFileType = wrapper.framework; name = Foundation.framework; path = System/Library/Frameworks/Foundation.framework; sourceTree = SDKROOT; };
		F592F28217263A08009AEE04 /* main.m */ = {isa = PBXFileReference; lastKnownFileType = sourcecode.c.objc; path = main.m; sourceTree = "<group>"; };
		F592F28517263A08009AEE04 /* FileManager-Prefix.pch */ = {isa = PBXFileReference; lastKnownFileType = sourcecode.c.h; path = "FileManager-Prefix.pch"; sourceTree = "<group>"; };
		F592F28617263A08009AEE04 /* FileManager.1 */ = {isa = PBXFileReference; lastKnownFileType = text.man; path = FileManager.1; sourceTree = "<group>"; };
/* End PBXFileReference section */

/* Begin PBXFrameworksBuildPhase section */
		F592F27917263A08009AEE04 /* Frameworks */ = {
			isa = PBXFrameworksBuildPhase;
			buildActionMask = 2147483647;
			files = (
				F592F28017263A08009AEE04 /* Foundation.framework in Frameworks */,
			);
			runOnlyForDeploymentPostprocessing = 0;
		};
/* End PBXFrameworksBuildPhase section */

/* Begin PBXGroup section */
		F592F27317263A08009AEE04 = {
			isa = PBXGroup;
			children = (
				F592F28117263A08009AEE04 /* FileManager */,
				F592F27E17263A08009AEE04 /* Frameworks */,
				F592F27D17263A08009AEE04 /* Products */,
			);
			sourceTree = "<group>";
		};
		F592F27D17263A08009AEE04 /* Products */ = {
			isa = PBXGroup;
			children = (
				F592F27C17263A08009AEE04 /* FileManager */,
			);
			name = Products;
			sourceTree = "<group>";
		};
		F592F27E17263A08009AEE04 /* Frameworks */ = {
			isa = PBXGroup;
			children = (
				F592F27F17263A08009AEE04 /* Foundation.framework */,
			);
			name = Frameworks;
			sourceTree = "<group>";
		};
		F592F28117263A08009AEE04 /* FileManager */ = {
			isa = PBXGroup;
			children = (
				F592F28217263A08009AEE04 /* main.m */,
				F592F28617263A08009AEE04 /* FileManager.1 */,
				F592F28417263A08009AEE04 /* Supporting Files */,
			);
			path = FileManager;
			sourceTree = "<group>";
		};
		F592F28417263A08009AEE04 /* Supporting Files */ = {
			isa = PBXGroup;
			children = (
				F592F28517263A08009AEE04 /* FileManager-Prefix.pch */,
			);
			name = "Supporting Files";
			sourceTree = "<group>";
		};
/* End PBXGroup section */

/* Begin PBXNativeTarget section */
		F592F27B17263A08009AEE04 /* FileManager */ = {
			isa = PBXNativeTarget;
			buildConfigurationList = F592F28A17263A08009AEE04 /* Build configuration list for PBXNativeTarget "FileManager" */;
			buildPhases = (
				F592F27817263A08009AEE04 /* Sources */,
				F592F27917263A08009AEE04 /* Frameworks */,
				F592F27A17263A08009AEE04 /* CopyFiles */,
			);
			buildRules = (
			);
			dependencies = (
			);
			name = FileManager;
			productName = FileManager;
			productReference = F592F27C17263A08009AEE04 /* FileManager */;
			productType = "com.apple.product-type.tool";
		};
/* End PBXNativeTarget section */

/* Begin PBXProject section */
		F592F27417263A08009AEE04 /* Project object */ = {
			isa = PBXProject;
			attributes = {
				LastUpgradeCheck = 0460;
				ORGANIZATIONNAME = loveuu;
			};
			buildConfigurationList = F592F27717263A08009AEE04 /* Build configuration list for PBXProject "FileManager" */;
			compatibilityVersion = "Xcode 3.2";
			developmentRegion = English;
			hasScannedForEncodings = 0;
			knownRegions = (
				en,
			);
			mainGroup = F592F27317263A08009AEE04;
			productRefGroup = F592F27D17263A08009AEE04 /* Products */;
			projectDirPath = "";
			projectRoot = "";
			targets = (
				F592F27B17263A08009AEE04 /* FileManager */,
			);
		};
/* End PBXProject section */

/* Begin PBXSourcesBuildPhase section */
		F592F27817263A08009AEE04 /* Sources */ = {
			isa = PBXSourcesBuildPhase;
			buildActionMask = 2147483647;
			files = (
				F592F28317263A08009AEE04 /* main.m in Sources */,
			);
			runOnlyForDeploymentPostprocessing = 0;
		};
/* End PBXSourcesBuildPhase section */

/* Begin XCBuildConfiguration section */
		F592F28817263A08009AEE04 /* Debug */ = {
			isa = XCBuildConfiguration;
			buildSettings = {
				ALWAYS_SEARCH_USER_PATHS = NO;
				ARCHS = "$(ARCHS_STANDARD_64_BIT)";
				CLANG_CXX_LANGUAGE_STANDARD = "gnu++0x";
				CLANG_CXX_LIBRARY = "libc++";
				CLANG_WARN_CONSTANT_CONVERSION = YES;
				CLANG_WARN_EMPTY_BODY = YES;
				CLANG_WARN_ENUM_CONVERSION = YES;
				CLANG_WARN_INT_CONVERSION = YES;
				CLANG_WARN__DUPLICATE_METHOD_MATCH = YES;
				COPY_PHASE_STRIP = NO;
				GCC_C_LANGUAGE_STANDARD = gnu99;
				GCC_DYNAMIC_NO_PIC = NO;
				GCC_ENABLE_OBJC_EXCEPTIONS = YES;
				GCC_OPTIMIZATION_LEVEL = 0;
				GCC_PREPROCESSOR_DEFINITIONS = (
					"DEBUG=1",
					"$(inherited)",
				);
				GCC_SYMBOLS_PRIVATE_EXTERN = NO;
				GCC_WARN_64_TO_32_BIT_CONVERSION = YES;
				GCC_WARN_ABOUT_RETURN_TYPE = YES;
				GCC_WARN_UNINITIALIZED_AUTOS = YES;
				GCC_WARN_UNUSED_VARIABLE = YES;
				MACOSX_DEPLOYMENT_TARGET = 10.8;
				ONLY_ACTIVE_ARCH = YES;
				SDKROOT = macosx;
			};
			name = Debug;
		};
		F592F28917263A08009AEE04 /* Release */ = {
			isa = XCBuildConfiguration;
			buildSettings = {
				ALWAYS_SEARCH_USER_PATHS = NO;
				ARCHS = "$(ARCHS_STANDARD_64_BIT)";
				CLANG_CXX_LANGUAGE_STANDARD = "gnu++0x";
				CLANG_CXX_LIBRARY = "libc++";
				CLANG_WARN_CONSTANT_CONVERSION = YES;
				CLANG_WARN_EMPTY_BODY = YES;
				CLANG_WARN_ENUM_CONVERSION = YES;
				CLANG_WARN_INT_CONVERSION = YES;
				CLANG_WARN__DUPLICATE_METHOD_MATCH = YES;
				COPY_PHASE_STRIP = YES;
				DEBUG_INFORMATION_FORMAT = "dwarf-with-dsym";
				GCC_C_LANGUAGE_STANDARD = gnu99;
				GCC_ENABLE_OBJC_EXCEPTIONS = YES;
				GCC_WARN_64_TO_32_BIT_CONVERSION = YES;
				GCC_WARN_ABOUT_RETURN_TYPE = YES;
				GCC_WARN_UNINITIALIZED_AUTOS = YES;
				GCC_WARN_UNUSED_VARIABLE = YES;
				MACOSX_DEPLOYMENT_TARGET = 10.8;
				SDKROOT = macosx;
			};
			name = Release;
		};
		F592F28B17263A08009AEE04 /* Debug */ = {
			isa = XCBuildConfiguration;
			buildSettings = {
				GCC_PRECOMPILE_PREFIX_HEADER = YES;
				GCC_PREFIX_HEADER = "FileManager/FileManager-Prefix.pch";
				PRODUCT_NAME = "$(TARGET_NAME)";
			};
			name = Debug;
		};
		F592F28C17263A08009AEE04 /* Release */ = {
			isa = XCBuildConfiguration;
			buildSettings = {
				GCC_PRECOMPILE_PREFIX_HEADER = YES;
				GCC_PREFIX_HEADER = "FileManager/FileManager-Prefix.pch";
				PRODUCT_NAME = "$(TARGET_NAME)";
			};
			name = Release;
		};
/* End XCBuildConfiguration section */

/* Begin XCConfigurationList section */
		F592F27717263A08009AEE04 /* Build configuration list for PBXProject "FileManager" */ = {
			isa = XCConfigurationList;
			buildConfigurations = (
				F592F28817263A08009AEE04 /* Debug */,
				F592F28917263A08009AEE04 /* Release */,
			);
			defaultConfigurationIsVisible = 0;
			defaultConfigurationName = Release;
		};
		F592F28A17263A08009AEE04 /* Build configuration list for PBXNativeTarget "FileManager" */ = {
			isa = XCConfigurationList;
			buildConfigurations = (
				F592F28B17263A08009AEE04 /* Debug */,
				F592F28C17263A08009AEE04 /* Release */,
			);
			defaultConfigurationIsVisible = 0;
		};
/* End XCConfigurationList section */
	};
	rootObject = F592F27417263A08009AEE04 /* Project object */;
}
