// !$*UTF8*$!
{
	archiveVersion = 1;
	classes = {
	};
	objectVersion = 46;
	objects = {

/* Begin PBXBuildFile section */
		F592F25417260BE4009AEE04 /* Foundation.framework in Frameworks */ = {isa = PBXBuildFile; fileRef = F592F25317260BE4009AEE04 /* Foundation.framework */; };
		F592F25717260BE4009AEE04 /* main.m in Sources */ = {isa = PBXBuildFile; fileRef = F592F25617260BE4009AEE04 /* main.m */; };
		F592F25B17260BE4009AEE04 /* Sqlite.1 in CopyFiles */ = {isa = PBXBuildFile; fileRef = F592F25A17260BE4009AEE04 /* Sqlite.1 */; };
		F592F26217260BFA009AEE04 /* libsqlite3.0.dylib in Frameworks */ = {isa = PBXBuildFile; fileRef = F592F26117260BFA009AEE04 /* libsqlite3.0.dylib */; };
		F592F26D17260C3C009AEE04 /* FMDatabase.m in Sources */ = {isa = PBXBuildFile; fileRef = F592F26417260C3C009AEE04 /* FMDatabase.m */; };
		F592F26E17260C3C009AEE04 /* FMDatabaseAdditions.m in Sources */ = {isa = PBXBuildFile; fileRef = F592F26617260C3C009AEE04 /* FMDatabaseAdditions.m */; };
		F592F26F17260C3C009AEE04 /* FMDatabasePool.m in Sources */ = {isa = PBXBuildFile; fileRef = F592F26817260C3C009AEE04 /* FMDatabasePool.m */; };
		F592F27017260C3C009AEE04 /* FMDatabaseQueue.m in Sources */ = {isa = PBXBuildFile; fileRef = F592F26A17260C3C009AEE04 /* FMDatabaseQueue.m */; };
		F592F27117260C3C009AEE04 /* FMResultSet.m in Sources */ = {isa = PBXBuildFile; fileRef = F592F26C17260C3C009AEE04 /* FMResultSet.m */; };
/* End PBXBuildFile section */

/* Begin PBXCopyFilesBuildPhase section */
		F592F24E17260BE4009AEE04 /* CopyFiles */ = {
			isa = PBXCopyFilesBuildPhase;
			buildActionMask = 2147483647;
			dstPath = /usr/share/man/man1/;
			dstSubfolderSpec = 0;
			files = (
				F592F25B17260BE4009AEE04 /* Sqlite.1 in CopyFiles */,
			);
			runOnlyForDeploymentPostprocessing = 1;
		};
/* End PBXCopyFilesBuildPhase section */

/* Begin PBXFileReference section */
		F592F25017260BE4009AEE04 /* Sqlite */ = {isa = PBXFileReference; explicitFileType = "compiled.mach-o.executable"; includeInIndex = 0; path = Sqlite; sourceTree = BUILT_PRODUCTS_DIR; };
		F592F25317260BE4009AEE04 /* Foundation.framework */ = {isa = PBXFileReference; lastKnownFileType = wrapper.framework; name = Foundation.framework; path = System/Library/Frameworks/Foundation.framework; sourceTree = SDKROOT; };
		F592F25617260BE4009AEE04 /* main.m */ = {isa = PBXFileReference; lastKnownFileType = sourcecode.c.objc; path = main.m; sourceTree = "<group>"; };
		F592F25917260BE4009AEE04 /* Sqlite-Prefix.pch */ = {isa = PBXFileReference; lastKnownFileType = sourcecode.c.h; path = "Sqlite-Prefix.pch"; sourceTree = "<group>"; };
		F592F25A17260BE4009AEE04 /* Sqlite.1 */ = {isa = PBXFileReference; lastKnownFileType = text.man; path = Sqlite.1; sourceTree = "<group>"; };
		F592F26117260BFA009AEE04 /* libsqlite3.0.dylib */ = {isa = PBXFileReference; lastKnownFileType = "compiled.mach-o.dylib"; name = libsqlite3.0.dylib; path = usr/lib/libsqlite3.0.dylib; sourceTree = SDKROOT; };
		F592F26317260C3C009AEE04 /* FMDatabase.h */ = {isa = PBXFileReference; fileEncoding = 4; lastKnownFileType = sourcecode.c.h; path = FMDatabase.h; sourceTree = "<group>"; };
		F592F26417260C3C009AEE04 /* FMDatabase.m */ = {isa = PBXFileReference; fileEncoding = 4; lastKnownFileType = sourcecode.c.objc; path = FMDatabase.m; sourceTree = "<group>"; };
		F592F26517260C3C009AEE04 /* FMDatabaseAdditions.h */ = {isa = PBXFileReference; fileEncoding = 4; lastKnownFileType = sourcecode.c.h; path = FMDatabaseAdditions.h; sourceTree = "<group>"; };
		F592F26617260C3C009AEE04 /* FMDatabaseAdditions.m */ = {isa = PBXFileReference; fileEncoding = 4; lastKnownFileType = sourcecode.c.objc; path = FMDatabaseAdditions.m; sourceTree = "<group>"; };
		F592F26717260C3C009AEE04 /* FMDatabasePool.h */ = {isa = PBXFileReference; fileEncoding = 4; lastKnownFileType = sourcecode.c.h; path = FMDatabasePool.h; sourceTree = "<group>"; };
		F592F26817260C3C009AEE04 /* FMDatabasePool.m */ = {isa = PBXFileReference; fileEncoding = 4; lastKnownFileType = sourcecode.c.objc; path = FMDatabasePool.m; sourceTree = "<group>"; };
		F592F26917260C3C009AEE04 /* FMDatabaseQueue.h */ = {isa = PBXFileReference; fileEncoding = 4; lastKnownFileType = sourcecode.c.h; path = FMDatabaseQueue.h; sourceTree = "<group>"; };
		F592F26A17260C3C009AEE04 /* FMDatabaseQueue.m */ = {isa = PBXFileReference; fileEncoding = 4; lastKnownFileType = sourcecode.c.objc; path = FMDatabaseQueue.m; sourceTree = "<group>"; };
		F592F26B17260C3C009AEE04 /* FMResultSet.h */ = {isa = PBXFileReference; fileEncoding = 4; lastKnownFileType = sourcecode.c.h; path = FMResultSet.h; sourceTree = "<group>"; };
		F592F26C17260C3C009AEE04 /* FMResultSet.m */ = {isa = PBXFileReference; fileEncoding = 4; lastKnownFileType = sourcecode.c.objc; path = FMResultSet.m; sourceTree = "<group>"; };
		F592F27217261072009AEE04 /* test.png */ = {isa = PBXFileReference; lastKnownFileType = image.png; path = test.png; sourceTree = "<group>"; };
/* End PBXFileReference section */

/* Begin PBXFrameworksBuildPhase section */
		F592F24D17260BE4009AEE04 /* Frameworks */ = {
			isa = PBXFrameworksBuildPhase;
			buildActionMask = 2147483647;
			files = (
				F592F26217260BFA009AEE04 /* libsqlite3.0.dylib in Frameworks */,
				F592F25417260BE4009AEE04 /* Foundation.framework in Frameworks */,
			);
			runOnlyForDeploymentPostprocessing = 0;
		};
/* End PBXFrameworksBuildPhase section */

/* Begin PBXGroup section */
		F592F24717260BE4009AEE04 = {
			isa = PBXGroup;
			children = (
				F592F26117260BFA009AEE04 /* libsqlite3.0.dylib */,
				F592F25517260BE4009AEE04 /* Sqlite */,
				F592F25217260BE4009AEE04 /* Frameworks */,
				F592F25117260BE4009AEE04 /* Products */,
			);
			sourceTree = "<group>";
		};
		F592F25117260BE4009AEE04 /* Products */ = {
			isa = PBXGroup;
			children = (
				F592F25017260BE4009AEE04 /* Sqlite */,
			);
			name = Products;
			sourceTree = "<group>";
		};
		F592F25217260BE4009AEE04 /* Frameworks */ = {
			isa = PBXGroup;
			children = (
				F592F25317260BE4009AEE04 /* Foundation.framework */,
			);
			name = Frameworks;
			sourceTree = "<group>";
		};
		F592F25517260BE4009AEE04 /* Sqlite */ = {
			isa = PBXGroup;
			children = (
				F592F25617260BE4009AEE04 /* main.m */,
				F592F25A17260BE4009AEE04 /* Sqlite.1 */,
				F592F25817260BE4009AEE04 /* Supporting Files */,
			);
			path = Sqlite;
			sourceTree = "<group>";
		};
		F592F25817260BE4009AEE04 /* Supporting Files */ = {
			isa = PBXGroup;
			children = (
				F592F26317260C3C009AEE04 /* FMDatabase.h */,
				F592F26417260C3C009AEE04 /* FMDatabase.m */,
				F592F26517260C3C009AEE04 /* FMDatabaseAdditions.h */,
				F592F26617260C3C009AEE04 /* FMDatabaseAdditions.m */,
				F592F27217261072009AEE04 /* test.png */,
				F592F26717260C3C009AEE04 /* FMDatabasePool.h */,
				F592F26817260C3C009AEE04 /* FMDatabasePool.m */,
				F592F26917260C3C009AEE04 /* FMDatabaseQueue.h */,
				F592F26A17260C3C009AEE04 /* FMDatabaseQueue.m */,
				F592F26B17260C3C009AEE04 /* FMResultSet.h */,
				F592F26C17260C3C009AEE04 /* FMResultSet.m */,
				F592F25917260BE4009AEE04 /* Sqlite-Prefix.pch */,
			);
			name = "Supporting Files";
			sourceTree = "<group>";
		};
/* End PBXGroup section */

/* Begin PBXNativeTarget section */
		F592F24F17260BE4009AEE04 /* Sqlite */ = {
			isa = PBXNativeTarget;
			buildConfigurationList = F592F25E17260BE4009AEE04 /* Build configuration list for PBXNativeTarget "Sqlite" */;
			buildPhases = (
				F592F24C17260BE4009AEE04 /* Sources */,
				F592F24D17260BE4009AEE04 /* Frameworks */,
				F592F24E17260BE4009AEE04 /* CopyFiles */,
			);
			buildRules = (
			);
			dependencies = (
			);
			name = Sqlite;
			productName = Sqlite;
			productReference = F592F25017260BE4009AEE04 /* Sqlite */;
			productType = "com.apple.product-type.tool";
		};
/* End PBXNativeTarget section */

/* Begin PBXProject section */
		F592F24817260BE4009AEE04 /* Project object */ = {
			isa = PBXProject;
			attributes = {
				LastUpgradeCheck = 0460;
				ORGANIZATIONNAME = loveuu;
			};
			buildConfigurationList = F592F24B17260BE4009AEE04 /* Build configuration list for PBXProject "Sqlite" */;
			compatibilityVersion = "Xcode 3.2";
			developmentRegion = English;
			hasScannedForEncodings = 0;
			knownRegions = (
				en,
			);
			mainGroup = F592F24717260BE4009AEE04;
			productRefGroup = F592F25117260BE4009AEE04 /* Products */;
			projectDirPath = "";
			projectRoot = "";
			targets = (
				F592F24F17260BE4009AEE04 /* Sqlite */,
			);
		};
/* End PBXProject section */

/* Begin PBXSourcesBuildPhase section */
		F592F24C17260BE4009AEE04 /* Sources */ = {
			isa = PBXSourcesBuildPhase;
			buildActionMask = 2147483647;
			files = (
				F592F25717260BE4009AEE04 /* main.m in Sources */,
				F592F26D17260C3C009AEE04 /* FMDatabase.m in Sources */,
				F592F26E17260C3C009AEE04 /* FMDatabaseAdditions.m in Sources */,
				F592F26F17260C3C009AEE04 /* FMDatabasePool.m in Sources */,
				F592F27017260C3C009AEE04 /* FMDatabaseQueue.m in Sources */,
				F592F27117260C3C009AEE04 /* FMResultSet.m in Sources */,
			);
			runOnlyForDeploymentPostprocessing = 0;
		};
/* End PBXSourcesBuildPhase section */

/* Begin XCBuildConfiguration section */
		F592F25C17260BE4009AEE04 /* Debug */ = {
			isa = XCBuildConfiguration;
			buildSettings = {
				ALWAYS_SEARCH_USER_PATHS = NO;
				ARCHS = "$(ARCHS_STANDARD_64_BIT)";
				CLANG_CXX_LANGUAGE_STANDARD = "gnu++0x";
				CLANG_CXX_LIBRARY = "libc++";
				CLANG_WARN_CONSTANT_CONVERSION = YES;
				CLANG_WARN_EMPTY_BODY = YES;
				CLANG_WARN_ENUM_CONVERSION = YES;
				CLANG_WARN_INT_CONVERSION = YES;
				CLANG_WARN__DUPLICATE_METHOD_MATCH = YES;
				COPY_PHASE_STRIP = NO;
				GCC_C_LANGUAGE_STANDARD = gnu99;
				GCC_DYNAMIC_NO_PIC = NO;
				GCC_ENABLE_OBJC_EXCEPTIONS = YES;
				GCC_OPTIMIZATION_LEVEL = 0;
				GCC_PREPROCESSOR_DEFINITIONS = (
					"DEBUG=1",
					"$(inherited)",
				);
				GCC_SYMBOLS_PRIVATE_EXTERN = NO;
				GCC_WARN_64_TO_32_BIT_CONVERSION = YES;
				GCC_WARN_ABOUT_RETURN_TYPE = YES;
				GCC_WARN_UNINITIALIZED_AUTOS = YES;
				GCC_WARN_UNUSED_VARIABLE = YES;
				MACOSX_DEPLOYMENT_TARGET = 10.8;
				ONLY_ACTIVE_ARCH = YES;
				SDKROOT = macosx;
			};
			name = Debug;
		};
		F592F25D17260BE4009AEE04 /* Release */ = {
			isa = XCBuildConfiguration;
			buildSettings = {
				ALWAYS_SEARCH_USER_PATHS = NO;
				ARCHS = "$(ARCHS_STANDARD_64_BIT)";
				CLANG_CXX_LANGUAGE_STANDARD = "gnu++0x";
				CLANG_CXX_LIBRARY = "libc++";
				CLANG_WARN_CONSTANT_CONVERSION = YES;
				CLANG_WARN_EMPTY_BODY = YES;
				CLANG_WARN_ENUM_CONVERSION = YES;
				CLANG_WARN_INT_CONVERSION = YES;
				CLANG_WARN__DUPLICATE_METHOD_MATCH = YES;
				COPY_PHASE_STRIP = YES;
				DEBUG_INFORMATION_FORMAT = "dwarf-with-dsym";
				GCC_C_LANGUAGE_STANDARD = gnu99;
				GCC_ENABLE_OBJC_EXCEPTIONS = YES;
				GCC_WARN_64_TO_32_BIT_CONVERSION = YES;
				GCC_WARN_ABOUT_RETURN_TYPE = YES;
				GCC_WARN_UNINITIALIZED_AUTOS = YES;
				GCC_WARN_UNUSED_VARIABLE = YES;
				MACOSX_DEPLOYMENT_TARGET = 10.8;
				SDKROOT = macosx;
			};
			name = Release;
		};
		F592F25F17260BE4009AEE04 /* Debug */ = {
			isa = XCBuildConfiguration;
			buildSettings = {
				GCC_PRECOMPILE_PREFIX_HEADER = YES;
				GCC_PREFIX_HEADER = "Sqlite/Sqlite-Prefix.pch";
				PRODUCT_NAME = "$(TARGET_NAME)";
			};
			name = Debug;
		};
		F592F26017260BE4009AEE04 /* Release */ = {
			isa = XCBuildConfiguration;
			buildSettings = {
				GCC_PRECOMPILE_PREFIX_HEADER = YES;
				GCC_PREFIX_HEADER = "Sqlite/Sqlite-Prefix.pch";
				PRODUCT_NAME = "$(TARGET_NAME)";
			};
			name = Release;
		};
/* End XCBuildConfiguration section */

/* Begin XCConfigurationList section */
		F592F24B17260BE4009AEE04 /* Build configuration list for PBXProject "Sqlite" */ = {
			isa = XCConfigurationList;
			buildConfigurations = (
				F592F25C17260BE4009AEE04 /* Debug */,
				F592F25D17260BE4009AEE04 /* Release */,
			);
			defaultConfigurationIsVisible = 0;
			defaultConfigurationName = Release;
		};
		F592F25E17260BE4009AEE04 /* Build configuration list for PBXNativeTarget "Sqlite" */ = {
			isa = XCConfigurationList;
			buildConfigurations = (
				F592F25F17260BE4009AEE04 /* Debug */,
				F592F26017260BE4009AEE04 /* Release */,
			);
			defaultConfigurationIsVisible = 0;
		};
/* End XCConfigurationList section */
	};
	rootObject = F592F24817260BE4009AEE04 /* Project object */;
}
